{
  "version": 4,
  "terraform_version": "0.14.7",
  "serial": 391,
  "lineage": "4251f958-6e63-3d46-4044-a99f5d72dcf8",
  "outputs": {},
  "resources": [
    {
      "mode": "data",
      "type": "digitalocean_ssh_key",
      "name": "terraform",
      "provider": "provider[\"registry.terraform.io/digitalocean/digitalocean\"]",
      "instances": [
        {
          "schema_version": 0,
          "attributes": {
            "fingerprint": "47:7c:ba:ee:91:c7:9b:00:87:71:e1:52:12:1d:3f:40",
            "id": "29759519",
            "name": "default",
            "public_key": "ssh-rsa AAAAB3NzaC1yc2EAAAADAQABAAABAQDKhdRkNZk24gS4kAYkhZfHVRqahkgDvEzQlHLW5zBuLiwXE5a7AmYxH7XJ3Qu6flGBly9WiXI7y1IrFLGwlhZ2cZCiZBQi7+/t1n7CaF7ueC+MMojrjOajxQbqosnqk9HKppXdPeSDcwm4kiwq+A1iyuSxYzt6W1/OZiGDzQe7gAxZ24xGvKC4O/SzIVEOMgdzOr13hPh5cVIpVwq60ZKDR3fIv7HYJIfLlS0amgJQb074E/zt+zbZFMJYOu5CfhTEgnHdbvgiGdHN06xgiFw98n029L7gDbfsneKfyO69glNom5/XT0Sf1JWC551wiQlnlI3bL9wt99bLHSdIzHqj nka@alpaka-6"
          },
          "sensitive_attributes": []
        }
      ]
    },
    {
      "mode": "managed",
      "type": "digitalocean_droplet",
      "name": "m3db-nodes",
      "provider": "provider[\"registry.terraform.io/digitalocean/digitalocean\"]",
      "instances": [
        {
          "index_key": 0,
          "schema_version": 1,
          "attributes": {
            "backups": false,
            "created_at": "2021-04-18T13:48:14Z",
            "disk": 160,
            "id": "242048457",
            "image": "centos-8-x64",
            "ipv4_address": "64.227.120.233",
            "ipv4_address_private": "10.135.0.3",
            "ipv6": false,
            "ipv6_address": "",
            "ipv6_address_private": null,
            "locked": false,
            "memory": 8192,
            "monitoring": false,
            "name": "m3db-node-0",
            "price_hourly": 0.07143,
            "price_monthly": 48,
            "private_networking": true,
            "region": "fra1",
            "resize_disk": true,
            "size": "s-4vcpu-8gb-amd",
            "ssh_keys": [
              "29759519"
            ],
            "status": "active",
            "tags": [],
            "urn": "do:droplet:242048457",
            "user_data": null,
            "vcpus": 4,
            "volume_ids": [],
            "vpc_uuid": "9110d528-7552-4f14-ae06-25a1eb5901a3"
          },
          "sensitive_attributes": [],
          "private": "eyJzY2hlbWFfdmVyc2lvbiI6IjEifQ==",
          "dependencies": [
            "data.digitalocean_ssh_key.terraform"
          ]
        },
        {
          "index_key": 1,
          "schema_version": 1,
          "attributes": {
            "backups": false,
            "created_at": "2021-04-18T13:48:13Z",
            "disk": 160,
            "id": "242048456",
            "image": "centos-8-x64",
            "ipv4_address": "64.225.110.34",
            "ipv4_address_private": "10.135.0.2",
            "ipv6": false,
            "ipv6_address": "",
            "ipv6_address_private": null,
            "locked": false,
            "memory": 8192,
            "monitoring": false,
            "name": "m3db-node-1",
            "price_hourly": 0.07143,
            "price_monthly": 48,
            "private_networking": true,
            "region": "fra1",
            "resize_disk": true,
            "size": "s-4vcpu-8gb-amd",
            "ssh_keys": [
              "29759519"
            ],
            "status": "active",
            "tags": [],
            "urn": "do:droplet:242048456",
            "user_data": null,
            "vcpus": 4,
            "volume_ids": [],
            "vpc_uuid": "9110d528-7552-4f14-ae06-25a1eb5901a3"
          },
          "sensitive_attributes": [],
          "private": "eyJzY2hlbWFfdmVyc2lvbiI6IjEifQ==",
          "dependencies": [
            "data.digitalocean_ssh_key.terraform"
          ]
        },
        {
          "index_key": 2,
          "schema_version": 1,
          "attributes": {
            "backups": false,
            "created_at": "2021-04-18T13:48:13Z",
            "disk": 160,
            "id": "242048455",
            "image": "centos-8-x64",
            "ipv4_address": "167.71.62.158",
            "ipv4_address_private": "10.135.0.4",
            "ipv6": false,
            "ipv6_address": "",
            "ipv6_address_private": null,
            "locked": false,
            "memory": 8192,
            "monitoring": false,
            "name": "m3db-node-2",
            "price_hourly": 0.07143,
            "price_monthly": 48,
            "private_networking": true,
            "region": "fra1",
            "resize_disk": true,
            "size": "s-4vcpu-8gb-amd",
            "ssh_keys": [
              "29759519"
            ],
            "status": "active",
            "tags": [],
            "urn": "do:droplet:242048455",
            "user_data": null,
            "vcpus": 4,
            "volume_ids": [],
            "vpc_uuid": "9110d528-7552-4f14-ae06-25a1eb5901a3"
          },
          "sensitive_attributes": [],
          "private": "eyJzY2hlbWFfdmVyc2lvbiI6IjEifQ==",
          "dependencies": [
            "data.digitalocean_ssh_key.terraform"
          ]
        }
      ]
    },
    {
      "mode": "managed",
      "type": "digitalocean_loadbalancer",
      "name": "public",
      "provider": "provider[\"registry.terraform.io/digitalocean/digitalocean\"]",
      "instances": [
        {
          "schema_version": 0,
          "attributes": {
            "algorithm": "round_robin",
            "droplet_ids": [
              242048455,
              242048456,
              242048457
            ],
            "droplet_tag": "",
            "enable_backend_keepalive": false,
            "enable_proxy_protocol": false,
            "forwarding_rule": [
              {
                "certificate_id": "",
                "entry_port": 7201,
                "entry_protocol": "http",
                "target_port": 7201,
                "target_protocol": "http",
                "tls_passthrough": false
              },
              {
                "certificate_id": "",
                "entry_port": 8500,
                "entry_protocol": "http",
                "target_port": 8500,
                "target_protocol": "http",
                "tls_passthrough": false
              },
              {
                "certificate_id": "",
                "entry_port": 9090,
                "entry_protocol": "http",
                "target_port": 9090,
                "target_protocol": "http",
                "tls_passthrough": false
              }
            ],
            "healthcheck": [
              {
                "check_interval_seconds": 10,
                "healthy_threshold": 5,
                "path": "",
                "port": 7201,
                "protocol": "tcp",
                "response_timeout_seconds": 5,
                "unhealthy_threshold": 3
              }
            ],
            "id": "95b42bf2-348a-444c-8024-d877a085d2cf",
            "ip": "144.126.245.29",
            "name": "m3db-lb",
            "redirect_http_to_https": false,
            "region": "fra1",
            "status": "active",
            "sticky_sessions": [
              {
                "cookie_name": "",
                "cookie_ttl_seconds": 0,
                "type": "none"
              }
            ],
            "urn": "do:loadbalancer:95b42bf2-348a-444c-8024-d877a085d2cf",
            "vpc_uuid": "9110d528-7552-4f14-ae06-25a1eb5901a3"
          },
          "sensitive_attributes": [],
          "private": "bnVsbA==",
          "dependencies": [
            "data.digitalocean_ssh_key.terraform",
            "digitalocean_droplet.m3db-nodes"
          ]
        }
      ]
    },
    {
      "mode": "managed",
      "type": "local_file",
      "name": "inventory",
      "provider": "provider[\"registry.terraform.io/hashicorp/local\"]",
      "instances": [
        {
          "schema_version": 0,
          "attributes": {
            "content": "[nodes]\n\n64.227.120.233\n\n64.225.110.34\n\n167.71.62.158\n\n",
            "content_base64": null,
            "directory_permission": "0777",
            "file_permission": "0777",
            "filename": "../inventory/hosts.ini",
            "id": "5dbfe405e19bd43c6a4ad4ec5faf84d434a92880",
            "sensitive_content": null,
            "source": null
          },
          "sensitive_attributes": [],
          "private": "bnVsbA==",
          "dependencies": [
            "data.digitalocean_ssh_key.terraform",
            "digitalocean_droplet.m3db-nodes"
          ]
        }
      ]
    }
  ]
}
